Microsoft Visual Studio Solution File, Format Version 12.00
# Visual Studio 15
VisualStudioVersion = 15.0.26403.7
MinimumVisualStudioVersion = 15.0.26124.0
Project("{2150E333-8FDC-42A3-9474-1A3956D46DE8}") = "src", "src", "{20BAAB45-C577-4E25-8103-60621501A303}"
EndProject
Project("{2150E333-8FDC-42A3-9474-1A3956D46DE8}") = "test", "test", "{BD8882C6-958F-4290-869D-8517BD8DB3F6}"
EndProject
Project("{9A19103F-16F7-4668-BE54-9A1E7A4F7556}") = "Ofl.Html", "src\Ofl.Html\Ofl.Html.csproj", "{98CBE7F1-0B1B-4664-A966-FEE9E5BD1EB4}"
EndProject
Project("{9A19103F-16F7-4668-BE54-9A1E7A4F7556}") = "Ofl.Html.Tests", "test\Ofl.Html.Tests\Ofl.Html.Tests.csproj", "{FEBC5A23-A8A8-4629-8261-2D6AEFA0D4F1}"
EndProject
Project("{2150E333-8FDC-42A3-9474-1A3956D46DE8}") = "solution items", "solution items", "{4F58418A-F540-4D94-8A38-DDC6DAB119A5}"
	ProjectSection(SolutionItems) = preProject
		.gitignore = .gitignore
		.gitmodules = .gitmodules
		appveyor.yml = appveyor.yml
		directory.build.props = directory.build.props
		LICENSE = LICENSE
		Ofl.Html.sln.DotSettings = Ofl.Html.sln.DotSettings
		README.md = README.md
	EndProjectSection
EndProject
Global
	GlobalSection(SolutionConfigurationPlatforms) = preSolution
		Debug|Any CPU = Debug|Any CPU
		Debug|x64 = Debug|x64
		Debug|x86 = Debug|x86
		Release|Any CPU = Release|Any CPU
		Release|x64 = Release|x64
		Release|x86 = Release|x86
	EndGlobalSection
	GlobalSection(ProjectConfigurationPlatforms) = postSolution
		{98CBE7F1-0B1B-4664-A966-FEE9E5BD1EB4}.Debug|Any CPU.ActiveCfg = Debug|Any CPU
		{98CBE7F1-0B1B-4664-A966-FEE9E5BD1EB4}.Debug|Any CPU.Build.0 = Debug|Any CPU
		{98CBE7F1-0B1B-4664-A966-FEE9E5BD1EB4}.Debug|x64.ActiveCfg = Debug|Any CPU
		{98CBE7F1-0B1B-4664-A966-FEE9E5BD1EB4}.Debug|x64.Build.0 = Debug|Any CPU
		{98CBE7F1-0B1B-4664-A966-FEE9E5BD1EB4}.Debug|x86.ActiveCfg = Debug|Any CPU
		{98CBE7F1-0B1B-4664-A966-FEE9E5BD1EB4}.Debug|x86.Build.0 = Debug|Any CPU
		{98CBE7F1-0B1B-4664-A966-FEE9E5BD1EB4}.Release|Any CPU.ActiveCfg = Release|Any CPU
		{98CBE7F1-0B1B-4664-A966-FEE9E5BD1EB4}.Release|Any CPU.Build.0 = Release|Any CPU
		{98CBE7F1-0B1B-4664-A966-FEE9E5BD1EB4}.Release|x64.ActiveCfg = Release|Any CPU
		{98CBE7F1-0B1B-4664-A966-FEE9E5BD1EB4}.Release|x64.Build.0 = Release|Any CPU
		{98CBE7F1-0B1B-4664-A966-FEE9E5BD1EB4}.Release|x86.ActiveCfg = Release|Any CPU
		{98CBE7F1-0B1B-4664-A966-FEE9E5BD1EB4}.Release|x86.Build.0 = Release|Any CPU
		{FEBC5A23-A8A8-4629-8261-2D6AEFA0D4F1}.Debug|Any CPU.ActiveCfg = Debug|Any CPU
		{FEBC5A23-A8A8-4629-8261-2D6AEFA0D4F1}.Debug|Any CPU.Build.0 = Debug|Any CPU
		{FEBC5A23-A8A8-4629-8261-2D6AEFA0D4F1}.Debug|x64.ActiveCfg = Debug|Any CPU
		{FEBC5A23-A8A8-4629-8261-2D6AEFA0D4F1}.Debug|x64.Build.0 = Debug|Any CPU
		{FEBC5A23-A8A8-4629-8261-2D6AEFA0D4F1}.Debug|x86.ActiveCfg = Debug|Any CPU
		{FEBC5A23-A8A8-4629-8261-2D6AEFA0D4F1}.Debug|x86.Build.0 = Debug|Any CPU
		{FEBC5A23-A8A8-4629-8261-2D6AEFA0D4F1}.Release|Any CPU.ActiveCfg = Release|Any CPU
		{FEBC5A23-A8A8-4629-8261-2D6AEFA0D4F1}.Release|Any CPU.Build.0 = Release|Any CPU
		{FEBC5A23-A8A8-4629-8261-2D6AEFA0D4F1}.Release|x64.ActiveCfg = Release|Any CPU
		{FEBC5A23-A8A8-4629-8261-2D6AEFA0D4F1}.Release|x64.Build.0 = Release|Any CPU
		{FEBC5A23-A8A8-4629-8261-2D6AEFA0D4F1}.Release|x86.ActiveCfg = Release|Any CPU
		{FEBC5A23-A8A8-4629-8261-2D6AEFA0D4F1}.Release|x86.Build.0 = Release|Any CPU
	EndGlobalSection
	GlobalSection(SolutionProperties) = preSolution
		HideSolutionNode = FALSE
	EndGlobalSection
	GlobalSection(NestedProjects) = preSolution
		{98CBE7F1-0B1B-4664-A966-FEE9E5BD1EB4} = {20BAAB45-C577-4E25-8103-60621501A303}
		{FEBC5A23-A8A8-4629-8261-2D6AEFA0D4F1} = {BD8882C6-958F-4290-869D-8517BD8DB3F6}
	EndGlobalSection
	GlobalSection(ExtensibilityGlobals) = postSolution
		SolutionGuid = {1967D2EC-4346-4856-9927-29CE06992887}
	EndGlobalSection
EndGlobal
